
Microsoft Visual Studio Solution File, Format Version 12.00
# Visual Studio Version 16
VisualStudioVersion = 16.0.31025.194
MinimumVisualStudioVersion = 10.0.40219.1
Project("{9A19103F-16F7-4668-BE54-9A1E7A4F7556}") = "ProjectF.Pos", "ProjectF.Pos.csproj", "{BFACBD9A-F6E2-4526-BDBD-ECD435984F16}"
EndProject
Global
	GlobalSection(SolutionConfigurationPlatforms) = preSolution
		Debug|Any CPU = Debug|Any CPU
		Release|Any CPU = Release|Any CPU
	EndGlobalSection
	GlobalSection(ProjectConfigurationPlatforms) = postSolution
		{BFACBD9A-F6E2-4526-BDBD-ECD435984F16}.Debug|Any CPU.ActiveCfg = Debug|Any CPU
		{BFACBD9A-F6E2-4526-BDBD-ECD435984F16}.Debug|Any CPU.Build.0 = Debug|Any CPU
		{BFACBD9A-F6E2-4526-BDBD-ECD435984F16}.Release|Any CPU.ActiveCfg = Release|Any CPU
		{BFACBD9A-F6E2-4526-BDBD-ECD435984F16}.Release|Any CPU.Build.0 = Release|Any CPU
	EndGlobalSection
	GlobalSection(SolutionProperties) = preSolution
		HideSolutionNode = FALSE
	EndGlobalSection
	GlobalSection(ExtensibilityGlobals) = postSolution
		SolutionGuid = {BE388A67-A2DD-4A45-9B6F-9DBA316CE74F}
	EndGlobalSection
EndGlobal
